
Microsoft Visual Studio Solution File, Format Version 12.00
# Visual Studio Version 17
VisualStudioVersion = 17.12.35506.116
MinimumVisualStudioVersion = 10.0.40219.1
Project("{FAE04EC0-301F-11D3-BF4B-00C04F79EFBC}") = "ParkingLot.Models", "ParkingLot.Models\ParkingLot.Models.csproj", "{7AE79831-D5A7-4D97-B4AE-2260F008E34E}"
EndProject
Project("{FAE04EC0-301F-11D3-BF4B-00C04F79EFBC}") = "ParkingLot", "ParkingLot\ParkingLot.csproj", "{A99BE933-6390-46F8-8755-4046198FF297}"
EndProject
Project("{FAE04EC0-301F-11D3-BF4B-00C04F79EFBC}") = "ParkingLot.Data", "ParkingLot.Data\ParkingLot.Data.csproj", "{1E18AD4B-F6FE-4E0E-869A-C5CA2FE1033E}"
EndProject
Global
	GlobalSection(SolutionConfigurationPlatforms) = preSolution
		Debug|Any CPU = Debug|Any CPU
		Release|Any CPU = Release|Any CPU
	EndGlobalSection
	GlobalSection(ProjectConfigurationPlatforms) = postSolution
		{7AE79831-D5A7-4D97-B4AE-2260F008E34E}.Debug|Any CPU.ActiveCfg = Debug|Any CPU
		{7AE79831-D5A7-4D97-B4AE-2260F008E34E}.Debug|Any CPU.Build.0 = Debug|Any CPU
		{7AE79831-D5A7-4D97-B4AE-2260F008E34E}.Release|Any CPU.ActiveCfg = Release|Any CPU
		{7AE79831-D5A7-4D97-B4AE-2260F008E34E}.Release|Any CPU.Build.0 = Release|Any CPU
		{A99BE933-6390-46F8-8755-4046198FF297}.Debug|Any CPU.ActiveCfg = Debug|Any CPU
		{A99BE933-6390-46F8-8755-4046198FF297}.Debug|Any CPU.Build.0 = Debug|Any CPU
		{A99BE933-6390-46F8-8755-4046198FF297}.Release|Any CPU.ActiveCfg = Release|Any CPU
		{A99BE933-6390-46F8-8755-4046198FF297}.Release|Any CPU.Build.0 = Release|Any CPU
		{1E18AD4B-F6FE-4E0E-869A-C5CA2FE1033E}.Debug|Any CPU.ActiveCfg = Debug|Any CPU
		{1E18AD4B-F6FE-4E0E-869A-C5CA2FE1033E}.Debug|Any CPU.Build.0 = Debug|Any CPU
		{1E18AD4B-F6FE-4E0E-869A-C5CA2FE1033E}.Release|Any CPU.ActiveCfg = Release|Any CPU
		{1E18AD4B-F6FE-4E0E-869A-C5CA2FE1033E}.Release|Any CPU.Build.0 = Release|Any CPU
	EndGlobalSection
	GlobalSection(SolutionProperties) = preSolution
		HideSolutionNode = FALSE
	EndGlobalSection
EndGlobal
